
Microsoft Visual Studio Solution File, Format Version 12.00
Project("{FAE04EC0-301F-11D3-BF4B-00C04F79EFBC}") = "AutoDto", "AutoDto\AutoDto.csproj", "{98DFA0A0-3F6B-4995-A4F9-DBA98F8548DB}"
EndProject
Project("{FAE04EC0-301F-11D3-BF4B-00C04F79EFBC}") = "DTOs", "DTOs\DTOs.csproj", "{EC3886B5-1A0B-43C3-8444-471411501982}"
EndProject
Project("{FAE04EC0-301F-11D3-BF4B-00C04F79EFBC}") = "Model", "Model\Model.csproj", "{4534D2B2-716E-4578-B204-560DDB3F0EB8}"
EndProject
Project("{FAE04EC0-301F-11D3-BF4B-00C04F79EFBC}") = "Convertors", "Convertors\Convertors.csproj", "{44D088BF-343A-4F7E-8D9B-BCA23CF087C7}"
EndProject
Global
	GlobalSection(SolutionConfigurationPlatforms) = preSolution
		Debug|Any CPU = Debug|Any CPU
		Release|Any CPU = Release|Any CPU
	EndGlobalSection
	GlobalSection(ProjectConfigurationPlatforms) = postSolution
		{98DFA0A0-3F6B-4995-A4F9-DBA98F8548DB}.Debug|Any CPU.ActiveCfg = Debug|Any CPU
		{98DFA0A0-3F6B-4995-A4F9-DBA98F8548DB}.Debug|Any CPU.Build.0 = Debug|Any CPU
		{98DFA0A0-3F6B-4995-A4F9-DBA98F8548DB}.Release|Any CPU.ActiveCfg = Release|Any CPU
		{98DFA0A0-3F6B-4995-A4F9-DBA98F8548DB}.Release|Any CPU.Build.0 = Release|Any CPU
		{EC3886B5-1A0B-43C3-8444-471411501982}.Debug|Any CPU.ActiveCfg = Debug|Any CPU
		{EC3886B5-1A0B-43C3-8444-471411501982}.Debug|Any CPU.Build.0 = Debug|Any CPU
		{EC3886B5-1A0B-43C3-8444-471411501982}.Release|Any CPU.ActiveCfg = Release|Any CPU
		{EC3886B5-1A0B-43C3-8444-471411501982}.Release|Any CPU.Build.0 = Release|Any CPU
		{4534D2B2-716E-4578-B204-560DDB3F0EB8}.Debug|Any CPU.ActiveCfg = Debug|Any CPU
		{4534D2B2-716E-4578-B204-560DDB3F0EB8}.Debug|Any CPU.Build.0 = Debug|Any CPU
		{4534D2B2-716E-4578-B204-560DDB3F0EB8}.Release|Any CPU.ActiveCfg = Release|Any CPU
		{4534D2B2-716E-4578-B204-560DDB3F0EB8}.Release|Any CPU.Build.0 = Release|Any CPU
		{44D088BF-343A-4F7E-8D9B-BCA23CF087C7}.Debug|Any CPU.ActiveCfg = Debug|Any CPU
		{44D088BF-343A-4F7E-8D9B-BCA23CF087C7}.Debug|Any CPU.Build.0 = Debug|Any CPU
		{44D088BF-343A-4F7E-8D9B-BCA23CF087C7}.Release|Any CPU.ActiveCfg = Release|Any CPU
		{44D088BF-343A-4F7E-8D9B-BCA23CF087C7}.Release|Any CPU.Build.0 = Release|Any CPU
	EndGlobalSection
EndGlobal
